
Microsoft Visual Studio Solution File, Format Version 12.00
# Visual Studio Version 17
VisualStudioVersion = 17.2.32616.157
MinimumVisualStudioVersion = 10.0.40219.1
Project("{FAE04EC0-301F-11D3-BF4B-00C04F79EFBC}") = "MVCDemo", "MVCDemo\MVCDemo.csproj", "{AB52FA22-638A-48CD-937D-D655D6F5A812}"
EndProject
Global
	GlobalSection(SolutionConfigurationPlatforms) = preSolution
		Debug|Any CPU = Debug|Any CPU
		Release|Any CPU = Release|Any CPU
	EndGlobalSection
	GlobalSection(ProjectConfigurationPlatforms) = postSolution
		{AB52FA22-638A-48CD-937D-D655D6F5A812}.Debug|Any CPU.ActiveCfg = Debug|Any CPU
		{AB52FA22-638A-48CD-937D-D655D6F5A812}.Debug|Any CPU.Build.0 = Debug|Any CPU
		{AB52FA22-638A-48CD-937D-D655D6F5A812}.Release|Any CPU.ActiveCfg = Release|Any CPU
		{AB52FA22-638A-48CD-937D-D655D6F5A812}.Release|Any CPU.Build.0 = Release|Any CPU
	EndGlobalSection
	GlobalSection(SolutionProperties) = preSolution
		HideSolutionNode = FALSE
	EndGlobalSection
	GlobalSection(ExtensibilityGlobals) = postSolution
		SolutionGuid = {ED295CA5-8249-401D-9054-9B8DB5D4E892}
	EndGlobalSection
EndGlobal
