
Microsoft Visual Studio Solution File, Format Version 12.00
# Visual Studio Version 17
VisualStudioVersion = 17.2.32616.157
MinimumVisualStudioVersion = 10.0.40219.1
Project("{FAE04EC0-301F-11D3-BF4B-00C04F79EFBC}") = "coffeeshopreg", "coffeeshopreg\coffeeshopreg.csproj", "{AE4A3373-C149-41FC-8BA8-26E27324B9EB}"
EndProject
Global
	GlobalSection(SolutionConfigurationPlatforms) = preSolution
		Debug|Any CPU = Debug|Any CPU
		Release|Any CPU = Release|Any CPU
	EndGlobalSection
	GlobalSection(ProjectConfigurationPlatforms) = postSolution
		{AE4A3373-C149-41FC-8BA8-26E27324B9EB}.Debug|Any CPU.ActiveCfg = Debug|Any CPU
		{AE4A3373-C149-41FC-8BA8-26E27324B9EB}.Debug|Any CPU.Build.0 = Debug|Any CPU
		{AE4A3373-C149-41FC-8BA8-26E27324B9EB}.Release|Any CPU.ActiveCfg = Release|Any CPU
		{AE4A3373-C149-41FC-8BA8-26E27324B9EB}.Release|Any CPU.Build.0 = Release|Any CPU
	EndGlobalSection
	GlobalSection(SolutionProperties) = preSolution
		HideSolutionNode = FALSE
	EndGlobalSection
	GlobalSection(ExtensibilityGlobals) = postSolution
		SolutionGuid = {ABE6D15D-F5E8-46E3-8097-1C80D87869F3}
	EndGlobalSection
EndGlobal
