
Microsoft Visual Studio Solution File, Format Version 12.00
# Visual Studio Version 17
VisualStudioVersion = 17.2.32616.157
MinimumVisualStudioVersion = 10.0.40219.1
Project("{FAE04EC0-301F-11D3-BF4B-00C04F79EFBC}") = "donutshop", "donutshop\donutshop.csproj", "{DC13F88D-74B5-4335-AA80-34A8184D49DC}"
EndProject
Global
	GlobalSection(SolutionConfigurationPlatforms) = preSolution
		Debug|Any CPU = Debug|Any CPU
		Release|Any CPU = Release|Any CPU
	EndGlobalSection
	GlobalSection(ProjectConfigurationPlatforms) = postSolution
		{DC13F88D-74B5-4335-AA80-34A8184D49DC}.Debug|Any CPU.ActiveCfg = Debug|Any CPU
		{DC13F88D-74B5-4335-AA80-34A8184D49DC}.Debug|Any CPU.Build.0 = Debug|Any CPU
		{DC13F88D-74B5-4335-AA80-34A8184D49DC}.Release|Any CPU.ActiveCfg = Release|Any CPU
		{DC13F88D-74B5-4335-AA80-34A8184D49DC}.Release|Any CPU.Build.0 = Release|Any CPU
	EndGlobalSection
	GlobalSection(SolutionProperties) = preSolution
		HideSolutionNode = FALSE
	EndGlobalSection
	GlobalSection(ExtensibilityGlobals) = postSolution
		SolutionGuid = {3F9D1FC8-BD85-4641-A51C-95DD70F9DB29}
	EndGlobalSection
EndGlobal
