
Microsoft Visual Studio Solution File, Format Version 12.00
# Visual Studio Version 17
VisualStudioVersion = 17.2.32616.157
MinimumVisualStudioVersion = 10.0.40219.1
Project("{FAE04EC0-301F-11D3-BF4B-00C04F79EFBC}") = "intotofullstack", "intotofullstack\intotofullstack.csproj", "{D1FA78EA-631F-4AA4-9263-85A4CB4FD623}"
EndProject
Global
	GlobalSection(SolutionConfigurationPlatforms) = preSolution
		Debug|Any CPU = Debug|Any CPU
		Release|Any CPU = Release|Any CPU
	EndGlobalSection
	GlobalSection(ProjectConfigurationPlatforms) = postSolution
		{D1FA78EA-631F-4AA4-9263-85A4CB4FD623}.Debug|Any CPU.ActiveCfg = Debug|Any CPU
		{D1FA78EA-631F-4AA4-9263-85A4CB4FD623}.Debug|Any CPU.Build.0 = Debug|Any CPU
		{D1FA78EA-631F-4AA4-9263-85A4CB4FD623}.Release|Any CPU.ActiveCfg = Release|Any CPU
		{D1FA78EA-631F-4AA4-9263-85A4CB4FD623}.Release|Any CPU.Build.0 = Release|Any CPU
	EndGlobalSection
	GlobalSection(SolutionProperties) = preSolution
		HideSolutionNode = FALSE
	EndGlobalSection
	GlobalSection(ExtensibilityGlobals) = postSolution
		SolutionGuid = {6F844F78-6BC8-4ECC-AF6D-BB9B657DDFB9}
	EndGlobalSection
EndGlobal
