
Microsoft Visual Studio Solution File, Format Version 12.00
# Visual Studio Version 17
VisualStudioVersion = 17.2.32616.157
MinimumVisualStudioVersion = 10.0.40219.1
Project("{FAE04EC0-301F-11D3-BF4B-00C04F79EFBC}") = "databasedemo", "databasedemo\databasedemo.csproj", "{0DAF9768-2A97-4A62-A26F-BC67C657BC6E}"
EndProject
Global
	GlobalSection(SolutionConfigurationPlatforms) = preSolution
		Debug|Any CPU = Debug|Any CPU
		Release|Any CPU = Release|Any CPU
	EndGlobalSection
	GlobalSection(ProjectConfigurationPlatforms) = postSolution
		{0DAF9768-2A97-4A62-A26F-BC67C657BC6E}.Debug|Any CPU.ActiveCfg = Debug|Any CPU
		{0DAF9768-2A97-4A62-A26F-BC67C657BC6E}.Debug|Any CPU.Build.0 = Debug|Any CPU
		{0DAF9768-2A97-4A62-A26F-BC67C657BC6E}.Release|Any CPU.ActiveCfg = Release|Any CPU
		{0DAF9768-2A97-4A62-A26F-BC67C657BC6E}.Release|Any CPU.Build.0 = Release|Any CPU
	EndGlobalSection
	GlobalSection(SolutionProperties) = preSolution
		HideSolutionNode = FALSE
	EndGlobalSection
	GlobalSection(ExtensibilityGlobals) = postSolution
		SolutionGuid = {7B889AF4-B036-42B0-9F36-98D65B17B0F4}
	EndGlobalSection
EndGlobal
