
Microsoft Visual Studio Solution File, Format Version 12.00
# Visual Studio Version 17
VisualStudioVersion = 17.2.32616.157
MinimumVisualStudioVersion = 10.0.40219.1
Project("{FAE04EC0-301F-11D3-BF4B-00C04F79EFBC}") = "entityframework", "entityframework\entityframework.csproj", "{9B8EFF82-A4C5-4513-8685-5F05BDC10D53}"
EndProject
Global
	GlobalSection(SolutionConfigurationPlatforms) = preSolution
		Debug|Any CPU = Debug|Any CPU
		Release|Any CPU = Release|Any CPU
	EndGlobalSection
	GlobalSection(ProjectConfigurationPlatforms) = postSolution
		{9B8EFF82-A4C5-4513-8685-5F05BDC10D53}.Debug|Any CPU.ActiveCfg = Debug|Any CPU
		{9B8EFF82-A4C5-4513-8685-5F05BDC10D53}.Debug|Any CPU.Build.0 = Debug|Any CPU
		{9B8EFF82-A4C5-4513-8685-5F05BDC10D53}.Release|Any CPU.ActiveCfg = Release|Any CPU
		{9B8EFF82-A4C5-4513-8685-5F05BDC10D53}.Release|Any CPU.Build.0 = Release|Any CPU
	EndGlobalSection
	GlobalSection(SolutionProperties) = preSolution
		HideSolutionNode = FALSE
	EndGlobalSection
	GlobalSection(ExtensibilityGlobals) = postSolution
		SolutionGuid = {85921022-BAC7-4521-84E9-50EE89D2A369}
	EndGlobalSection
EndGlobal
