
Microsoft Visual Studio Solution File, Format Version 12.00
# Visual Studio Version 17
VisualStudioVersion = 17.2.32616.157
MinimumVisualStudioVersion = 10.0.40219.1
Project("{FAE04EC0-301F-11D3-BF4B-00C04F79EFBC}") = "webkata1", "webkata1\webkata1.csproj", "{42082054-9AFD-47A1-BEB5-7FCD77D7E256}"
EndProject
Global
	GlobalSection(SolutionConfigurationPlatforms) = preSolution
		Debug|Any CPU = Debug|Any CPU
		Release|Any CPU = Release|Any CPU
	EndGlobalSection
	GlobalSection(ProjectConfigurationPlatforms) = postSolution
		{42082054-9AFD-47A1-BEB5-7FCD77D7E256}.Debug|Any CPU.ActiveCfg = Debug|Any CPU
		{42082054-9AFD-47A1-BEB5-7FCD77D7E256}.Debug|Any CPU.Build.0 = Debug|Any CPU
		{42082054-9AFD-47A1-BEB5-7FCD77D7E256}.Release|Any CPU.ActiveCfg = Release|Any CPU
		{42082054-9AFD-47A1-BEB5-7FCD77D7E256}.Release|Any CPU.Build.0 = Release|Any CPU
	EndGlobalSection
	GlobalSection(SolutionProperties) = preSolution
		HideSolutionNode = FALSE
	EndGlobalSection
	GlobalSection(ExtensibilityGlobals) = postSolution
		SolutionGuid = {E7A5B714-3B44-476E-B8E4-F1D1089D9518}
	EndGlobalSection
EndGlobal
